
Microsoft Visual Studio Solution File, Format Version 12.00
# Visual Studio Version 17
VisualStudioVersion = 17.12.35527.113
MinimumVisualStudioVersion = 10.0.40219.1
Project("{8BC9CEB8-8B4A-11D0-8D11-00A0C91BC942}") = "Neto", "Neto\Neto.vcxproj", "{64C4E59E-F0B7-40FC-9CEF-72F38C0D18D2}"
	ProjectSection(ProjectDependencies) = postProject
		{79659979-0FD5-422C-A4EB-0D6F0621F352} = {79659979-0FD5-422C-A4EB-0D6F0621F352}
	EndProjectSection
EndProject
Project("{FAE04EC0-301F-11D3-BF4B-00C04F79EFBC}") = "NetoSettings", "NetoSettings\NetoSettings.csproj", "{79659979-0FD5-422C-A4EB-0D6F0621F352}"
EndProject
Global
	GlobalSection(SolutionConfigurationPlatforms) = preSolution
		Debug|Any CPU = Debug|Any CPU
		Debug|ARM64 = Debug|ARM64
		Debug|x64 = Debug|x64
		Debug|x86 = Debug|x86
		Release|Any CPU = Release|Any CPU
		Release|ARM64 = Release|ARM64
		Release|x64 = Release|x64
		Release|x86 = Release|x86
	EndGlobalSection
	GlobalSection(ProjectConfigurationPlatforms) = postSolution
		{64C4E59E-F0B7-40FC-9CEF-72F38C0D18D2}.Debug|Any CPU.ActiveCfg = Debug|x64
		{64C4E59E-F0B7-40FC-9CEF-72F38C0D18D2}.Debug|Any CPU.Build.0 = Debug|x64
		{64C4E59E-F0B7-40FC-9CEF-72F38C0D18D2}.Debug|ARM64.ActiveCfg = Debug|x64
		{64C4E59E-F0B7-40FC-9CEF-72F38C0D18D2}.Debug|ARM64.Build.0 = Debug|x64
		{64C4E59E-F0B7-40FC-9CEF-72F38C0D18D2}.Debug|x64.ActiveCfg = Debug|x64
		{64C4E59E-F0B7-40FC-9CEF-72F38C0D18D2}.Debug|x64.Build.0 = Debug|x64
		{64C4E59E-F0B7-40FC-9CEF-72F38C0D18D2}.Debug|x86.ActiveCfg = Debug|Win32
		{64C4E59E-F0B7-40FC-9CEF-72F38C0D18D2}.Debug|x86.Build.0 = Debug|Win32
		{64C4E59E-F0B7-40FC-9CEF-72F38C0D18D2}.Release|Any CPU.ActiveCfg = Release|x64
		{64C4E59E-F0B7-40FC-9CEF-72F38C0D18D2}.Release|Any CPU.Build.0 = Release|x64
		{64C4E59E-F0B7-40FC-9CEF-72F38C0D18D2}.Release|ARM64.ActiveCfg = Release|x64
		{64C4E59E-F0B7-40FC-9CEF-72F38C0D18D2}.Release|ARM64.Build.0 = Release|x64
		{64C4E59E-F0B7-40FC-9CEF-72F38C0D18D2}.Release|x64.ActiveCfg = Release|x64
		{64C4E59E-F0B7-40FC-9CEF-72F38C0D18D2}.Release|x64.Build.0 = Release|x64
		{64C4E59E-F0B7-40FC-9CEF-72F38C0D18D2}.Release|x86.ActiveCfg = Release|Win32
		{64C4E59E-F0B7-40FC-9CEF-72F38C0D18D2}.Release|x86.Build.0 = Release|Win32
		{79659979-0FD5-422C-A4EB-0D6F0621F352}.Debug|Any CPU.ActiveCfg = Debug|x64
		{79659979-0FD5-422C-A4EB-0D6F0621F352}.Debug|Any CPU.Build.0 = Debug|x64
		{79659979-0FD5-422C-A4EB-0D6F0621F352}.Debug|Any CPU.Deploy.0 = Debug|x64
		{79659979-0FD5-422C-A4EB-0D6F0621F352}.Debug|ARM64.ActiveCfg = Debug|ARM64
		{79659979-0FD5-422C-A4EB-0D6F0621F352}.Debug|ARM64.Build.0 = Debug|ARM64
		{79659979-0FD5-422C-A4EB-0D6F0621F352}.Debug|ARM64.Deploy.0 = Debug|ARM64
		{79659979-0FD5-422C-A4EB-0D6F0621F352}.Debug|x64.ActiveCfg = Debug|x64
		{79659979-0FD5-422C-A4EB-0D6F0621F352}.Debug|x64.Build.0 = Debug|x64
		{79659979-0FD5-422C-A4EB-0D6F0621F352}.Debug|x64.Deploy.0 = Debug|x64
		{79659979-0FD5-422C-A4EB-0D6F0621F352}.Debug|x86.ActiveCfg = Debug|x86
		{79659979-0FD5-422C-A4EB-0D6F0621F352}.Debug|x86.Build.0 = Debug|x86
		{79659979-0FD5-422C-A4EB-0D6F0621F352}.Debug|x86.Deploy.0 = Debug|x86
		{79659979-0FD5-422C-A4EB-0D6F0621F352}.Release|Any CPU.ActiveCfg = Release|x64
		{79659979-0FD5-422C-A4EB-0D6F0621F352}.Release|Any CPU.Build.0 = Release|x64
		{79659979-0FD5-422C-A4EB-0D6F0621F352}.Release|Any CPU.Deploy.0 = Release|x64
		{79659979-0FD5-422C-A4EB-0D6F0621F352}.Release|ARM64.ActiveCfg = Release|ARM64
		{79659979-0FD5-422C-A4EB-0D6F0621F352}.Release|ARM64.Build.0 = Release|ARM64
		{79659979-0FD5-422C-A4EB-0D6F0621F352}.Release|ARM64.Deploy.0 = Release|ARM64
		{79659979-0FD5-422C-A4EB-0D6F0621F352}.Release|x64.ActiveCfg = Release|x64
		{79659979-0FD5-422C-A4EB-0D6F0621F352}.Release|x64.Build.0 = Release|x64
		{79659979-0FD5-422C-A4EB-0D6F0621F352}.Release|x64.Deploy.0 = Release|x64
		{79659979-0FD5-422C-A4EB-0D6F0621F352}.Release|x86.ActiveCfg = Release|x86
		{79659979-0FD5-422C-A4EB-0D6F0621F352}.Release|x86.Build.0 = Release|x86
		{79659979-0FD5-422C-A4EB-0D6F0621F352}.Release|x86.Deploy.0 = Release|x86
	EndGlobalSection
	GlobalSection(SolutionProperties) = preSolution
		HideSolutionNode = FALSE
	EndGlobalSection
EndGlobal
